// !$*UTF8*$!
{
	archiveVersion = 1;
	classes = {
	};
	objectVersion = 50;
	objects = {

/* Begin PBXBuildFile section */
		636EB2AF26604AE000752ACE /* DetailsView.swift in Sources */ = {isa = PBXBuildFile; fileRef = 636EB2AE26604AE000752ACE /* DetailsView.swift */; };
		63EA98B6266042D500AED390 /* AppDelegate.swift in Sources */ = {isa = PBXBuildFile; fileRef = 63EA98B5266042D500AED390 /* AppDelegate.swift */; };
		63EA98B8266042D500AED390 /* SceneDelegate.swift in Sources */ = {isa = PBXBuildFile; fileRef = 63EA98B7266042D500AED390 /* SceneDelegate.swift */; };
		63EA98BA266042D500AED390 /* ContentView.swift in Sources */ = {isa = PBXBuildFile; fileRef = 63EA98B9266042D500AED390 /* ContentView.swift */; };
		63EA98BC266042D700AED390 /* Assets.xcassets in Resources */ = {isa = PBXBuildFile; fileRef = 63EA98BB266042D700AED390 /* Assets.xcassets */; };
		63EA98BF266042D700AED390 /* Preview Assets.xcassets in Resources */ = {isa = PBXBuildFile; fileRef = 63EA98BE266042D700AED390 /* Preview Assets.xcassets */; };
		63EA98C2266042D700AED390 /* LaunchScreen.storyboard in Resources */ = {isa = PBXBuildFile; fileRef = 63EA98C0266042D700AED390 /* LaunchScreen.storyboard */; };
		63EA98CA2660435F00AED390 /* FavoriteModel.swift in Sources */ = {isa = PBXBuildFile; fileRef = 63EA98C92660435F00AED390 /* FavoriteModel.swift */; };
/* End PBXBuildFile section */

/* Begin PBXFileReference section */
		636EB2AE26604AE000752ACE /* DetailsView.swift */ = {isa = PBXFileReference; lastKnownFileType = sourcecode.swift; path = DetailsView.swift; sourceTree = "<group>"; };
		63EA98B2266042D500AED390 /* FavoriteBook.app */ = {isa = PBXFileReference; explicitFileType = wrapper.application; includeInIndex = 0; path = FavoriteBook.app; sourceTree = BUILT_PRODUCTS_DIR; };
		63EA98B5266042D500AED390 /* AppDelegate.swift */ = {isa = PBXFileReference; lastKnownFileType = sourcecode.swift; path = AppDelegate.swift; sourceTree = "<group>"; };
		63EA98B7266042D500AED390 /* SceneDelegate.swift */ = {isa = PBXFileReference; lastKnownFileType = sourcecode.swift; path = SceneDelegate.swift; sourceTree = "<group>"; };
		63EA98B9266042D500AED390 /* ContentView.swift */ = {isa = PBXFileReference; lastKnownFileType = sourcecode.swift; path = ContentView.swift; sourceTree = "<group>"; };
		63EA98BB266042D700AED390 /* Assets.xcassets */ = {isa = PBXFileReference; lastKnownFileType = folder.assetcatalog; path = Assets.xcassets; sourceTree = "<group>"; };
		63EA98BE266042D700AED390 /* Preview Assets.xcassets */ = {isa = PBXFileReference; lastKnownFileType = folder.assetcatalog; path = "Preview Assets.xcassets"; sourceTree = "<group>"; };
		63EA98C1266042D700AED390 /* Base */ = {isa = PBXFileReference; lastKnownFileType = file.storyboard; name = Base; path = Base.lproj/LaunchScreen.storyboard; sourceTree = "<group>"; };
		63EA98C3266042D700AED390 /* Info.plist */ = {isa = PBXFileReference; lastKnownFileType = text.plist.xml; path = Info.plist; sourceTree = "<group>"; };
		63EA98C92660435F00AED390 /* FavoriteModel.swift */ = {isa = PBXFileReference; lastKnownFileType = sourcecode.swift; path = FavoriteModel.swift; sourceTree = "<group>"; };
/* End PBXFileReference section */

/* Begin PBXFrameworksBuildPhase section */
		63EA98AF266042D500AED390 /* Frameworks */ = {
			isa = PBXFrameworksBuildPhase;
			buildActionMask = 2147483647;
			files = (
			);
			runOnlyForDeploymentPostprocessing = 0;
		};
/* End PBXFrameworksBuildPhase section */

/* Begin PBXGroup section */
		63EA98A9266042D500AED390 = {
			isa = PBXGroup;
			children = (
				63EA98B4266042D500AED390 /* FavoriteBook */,
				63EA98B3266042D500AED390 /* Products */,
			);
			sourceTree = "<group>";
		};
		63EA98B3266042D500AED390 /* Products */ = {
			isa = PBXGroup;
			children = (
				63EA98B2266042D500AED390 /* FavoriteBook.app */,
			);
			name = Products;
			sourceTree = "<group>";
		};
		63EA98B4266042D500AED390 /* FavoriteBook */ = {
			isa = PBXGroup;
			children = (
				63EA98B5266042D500AED390 /* AppDelegate.swift */,
				63EA98B7266042D500AED390 /* SceneDelegate.swift */,
				63EA98B9266042D500AED390 /* ContentView.swift */,
				636EB2AE26604AE000752ACE /* DetailsView.swift */,
				63EA98C92660435F00AED390 /* FavoriteModel.swift */,
				63EA98BB266042D700AED390 /* Assets.xcassets */,
				63EA98C0266042D700AED390 /* LaunchScreen.storyboard */,
				63EA98C3266042D700AED390 /* Info.plist */,
				63EA98BD266042D700AED390 /* Preview Content */,
			);
			path = FavoriteBook;
			sourceTree = "<group>";
		};
		63EA98BD266042D700AED390 /* Preview Content */ = {
			isa = PBXGroup;
			children = (
				63EA98BE266042D700AED390 /* Preview Assets.xcassets */,
			);
			path = "Preview Content";
			sourceTree = "<group>";
		};
/* End PBXGroup section */

/* Begin PBXNativeTarget section */
		63EA98B1266042D500AED390 /* FavoriteBook */ = {
			isa = PBXNativeTarget;
			buildConfigurationList = 63EA98C6266042D700AED390 /* Build configuration list for PBXNativeTarget "FavoriteBook" */;
			buildPhases = (
				63EA98AE266042D500AED390 /* Sources */,
				63EA98AF266042D500AED390 /* Frameworks */,
				63EA98B0266042D500AED390 /* Resources */,
			);
			buildRules = (
			);
			dependencies = (
			);
			name = FavoriteBook;
			productName = FavoriteBook;
			productReference = 63EA98B2266042D500AED390 /* FavoriteBook.app */;
			productType = "com.apple.product-type.application";
		};
/* End PBXNativeTarget section */

/* Begin PBXProject section */
		63EA98AA266042D500AED390 /* Project object */ = {
			isa = PBXProject;
			attributes = {
				LastSwiftUpdateCheck = 1250;
				LastUpgradeCheck = 1250;
				TargetAttributes = {
					63EA98B1266042D500AED390 = {
						CreatedOnToolsVersion = 12.5;
					};
				};
			};
			buildConfigurationList = 63EA98AD266042D500AED390 /* Build configuration list for PBXProject "FavoriteBook" */;
			compatibilityVersion = "Xcode 9.3";
			developmentRegion = en;
			hasScannedForEncodings = 0;
			knownRegions = (
				en,
				Base,
			);
			mainGroup = 63EA98A9266042D500AED390;
			productRefGroup = 63EA98B3266042D500AED390 /* Products */;
			projectDirPath = "";
			projectRoot = "";
			targets = (
				63EA98B1266042D500AED390 /* FavoriteBook */,
			);
		};
/* End PBXProject section */

/* Begin PBXResourcesBuildPhase section */
		63EA98B0266042D500AED390 /* Resources */ = {
			isa = PBXResourcesBuildPhase;
			buildActionMask = 2147483647;
			files = (
				63EA98C2266042D700AED390 /* LaunchScreen.storyboard in Resources */,
				63EA98BF266042D700AED390 /* Preview Assets.xcassets in Resources */,
				63EA98BC266042D700AED390 /* Assets.xcassets in Resources */,
			);
			runOnlyForDeploymentPostprocessing = 0;
		};
/* End PBXResourcesBuildPhase section */

/* Begin PBXSourcesBuildPhase section */
		63EA98AE266042D500AED390 /* Sources */ = {
			isa = PBXSourcesBuildPhase;
			buildActionMask = 2147483647;
			files = (
				63EA98B6266042D500AED390 /* AppDelegate.swift in Sources */,
				636EB2AF26604AE000752ACE /* DetailsView.swift in Sources */,
				63EA98B8266042D500AED390 /* SceneDelegate.swift in Sources */,
				63EA98BA266042D500AED390 /* ContentView.swift in Sources */,
				63EA98CA2660435F00AED390 /* FavoriteModel.swift in Sources */,
			);
			runOnlyForDeploymentPostprocessing = 0;
		};
/* End PBXSourcesBuildPhase section */

/* Begin PBXVariantGroup section */
		63EA98C0266042D700AED390 /* LaunchScreen.storyboard */ = {
			isa = PBXVariantGroup;
			children = (
				63EA98C1266042D700AED390 /* Base */,
			);
			name = LaunchScreen.storyboard;
			sourceTree = "<group>";
		};
/* End PBXVariantGroup section */

/* Begin XCBuildConfiguration section */
		63EA98C4266042D700AED390 /* Debug */ = {
			isa = XCBuildConfiguration;
			buildSettings = {
				ALWAYS_SEARCH_USER_PATHS = NO;
				CLANG_ANALYZER_NONNULL = YES;
				CLANG_ANALYZER_NUMBER_OBJECT_CONVERSION = YES_AGGRESSIVE;
				CLANG_CXX_LANGUAGE_STANDARD = "gnu++14";
				CLANG_CXX_LIBRARY = "libc++";
				CLANG_ENABLE_MODULES = YES;
				CLANG_ENABLE_OBJC_ARC = YES;
				CLANG_ENABLE_OBJC_WEAK = YES;
				CLANG_WARN_BLOCK_CAPTURE_AUTORELEASING = YES;
				CLANG_WARN_BOOL_CONVERSION = YES;
				CLANG_WARN_COMMA = YES;
				CLANG_WARN_CONSTANT_CONVERSION = YES;
				CLANG_WARN_DEPRECATED_OBJC_IMPLEMENTATIONS = YES;
				CLANG_WARN_DIRECT_OBJC_ISA_USAGE = YES_ERROR;
				CLANG_WARN_DOCUMENTATION_COMMENTS = YES;
				CLANG_WARN_EMPTY_BODY = YES;
				CLANG_WARN_ENUM_CONVERSION = YES;
				CLANG_WARN_INFINITE_RECURSION = YES;
				CLANG_WARN_INT_CONVERSION = YES;
				CLANG_WARN_NON_LITERAL_NULL_CONVERSION = YES;
				CLANG_WARN_OBJC_IMPLICIT_RETAIN_SELF = YES;
				CLANG_WARN_OBJC_LITERAL_CONVERSION = YES;
				CLANG_WARN_OBJC_ROOT_CLASS = YES_ERROR;
				CLANG_WARN_QUOTED_INCLUDE_IN_FRAMEWORK_HEADER = YES;
				CLANG_WARN_RANGE_LOOP_ANALYSIS = YES;
				CLANG_WARN_STRICT_PROTOTYPES = YES;
				CLANG_WARN_SUSPICIOUS_MOVE = YES;
				CLANG_WARN_UNGUARDED_AVAILABILITY = YES_AGGRESSIVE;
				CLANG_WARN_UNREACHABLE_CODE = YES;
				CLANG_WARN__DUPLICATE_METHOD_MATCH = YES;
				COPY_PHASE_STRIP = NO;
				DEBUG_INFORMATION_FORMAT = dwarf;
				ENABLE_STRICT_OBJC_MSGSEND = YES;
				ENABLE_TESTABILITY = YES;
				GCC_C_LANGUAGE_STANDARD = gnu11;
				GCC_DYNAMIC_NO_PIC = NO;
				GCC_NO_COMMON_BLOCKS = YES;
				GCC_OPTIMIZATION_LEVEL = 0;
				GCC_PREPROCESSOR_DEFINITIONS = (
					"DEBUG=1",
					"$(inherited)",
				);
				GCC_WARN_64_TO_32_BIT_CONVERSION = YES;
				GCC_WARN_ABOUT_RETURN_TYPE = YES_ERROR;
				GCC_WARN_UNDECLARED_SELECTOR = YES;
				GCC_WARN_UNINITIALIZED_AUTOS = YES_AGGRESSIVE;
				GCC_WARN_UNUSED_FUNCTION = YES;
				GCC_WARN_UNUSED_VARIABLE = YES;
				IPHONEOS_DEPLOYMENT_TARGET = 14.5;
				MTL_ENABLE_DEBUG_INFO = INCLUDE_SOURCE;
				MTL_FAST_MATH = YES;
				ONLY_ACTIVE_ARCH = YES;
				SDKROOT = iphoneos;
				SWIFT_ACTIVE_COMPILATION_CONDITIONS = DEBUG;
				SWIFT_OPTIMIZATION_LEVEL = "-Onone";
			};
			name = Debug;
		};
		63EA98C5266042D700AED390 /* Release */ = {
			isa = XCBuildConfiguration;
			buildSettings = {
				ALWAYS_SEARCH_USER_PATHS = NO;
				CLANG_ANALYZER_NONNULL = YES;
				CLANG_ANALYZER_NUMBER_OBJECT_CONVERSION = YES_AGGRESSIVE;
				CLANG_CXX_LANGUAGE_STANDARD = "gnu++14";
				CLANG_CXX_LIBRARY = "libc++";
				CLANG_ENABLE_MODULES = YES;
				CLANG_ENABLE_OBJC_ARC = YES;
				CLANG_ENABLE_OBJC_WEAK = YES;
				CLANG_WARN_BLOCK_CAPTURE_AUTORELEASING = YES;
				CLANG_WARN_BOOL_CONVERSION = YES;
				CLANG_WARN_COMMA = YES;
				CLANG_WARN_CONSTANT_CONVERSION = YES;
				CLANG_WARN_DEPRECATED_OBJC_IMPLEMENTATIONS = YES;
				CLANG_WARN_DIRECT_OBJC_ISA_USAGE = YES_ERROR;
				CLANG_WARN_DOCUMENTATION_COMMENTS = YES;
				CLANG_WARN_EMPTY_BODY = YES;
				CLANG_WARN_ENUM_CONVERSION = YES;
				CLANG_WARN_INFINITE_RECURSION = YES;
				CLANG_WARN_INT_CONVERSION = YES;
				CLANG_WARN_NON_LITERAL_NULL_CONVERSION = YES;
				CLANG_WARN_OBJC_IMPLICIT_RETAIN_SELF = YES;
				CLANG_WARN_OBJC_LITERAL_CONVERSION = YES;
				CLANG_WARN_OBJC_ROOT_CLASS = YES_ERROR;
				CLANG_WARN_QUOTED_INCLUDE_IN_FRAMEWORK_HEADER = YES;
				CLANG_WARN_RANGE_LOOP_ANALYSIS = YES;
				CLANG_WARN_STRICT_PROTOTYPES = YES;
				CLANG_WARN_SUSPICIOUS_MOVE = YES;
				CLANG_WARN_UNGUARDED_AVAILABILITY = YES_AGGRESSIVE;
				CLANG_WARN_UNREACHABLE_CODE = YES;
				CLANG_WARN__DUPLICATE_METHOD_MATCH = YES;
				COPY_PHASE_STRIP = NO;
				DEBUG_INFORMATION_FORMAT = "dwarf-with-dsym";
				ENABLE_NS_ASSERTIONS = NO;
				ENABLE_STRICT_OBJC_MSGSEND = YES;
				GCC_C_LANGUAGE_STANDARD = gnu11;
				GCC_NO_COMMON_BLOCKS = YES;
				GCC_WARN_64_TO_32_BIT_CONVERSION = YES;
				GCC_WARN_ABOUT_RETURN_TYPE = YES_ERROR;
				GCC_WARN_UNDECLARED_SELECTOR = YES;
				GCC_WARN_UNINITIALIZED_AUTOS = YES_AGGRESSIVE;
				GCC_WARN_UNUSED_FUNCTION = YES;
				GCC_WARN_UNUSED_VARIABLE = YES;
				IPHONEOS_DEPLOYMENT_TARGET = 14.5;
				MTL_ENABLE_DEBUG_INFO = NO;
				MTL_FAST_MATH = YES;
				SDKROOT = iphoneos;
				SWIFT_COMPILATION_MODE = wholemodule;
				SWIFT_OPTIMIZATION_LEVEL = "-O";
				VALIDATE_PRODUCT = YES;
			};
			name = Release;
		};
		63EA98C7266042D700AED390 /* Debug */ = {
			isa = XCBuildConfiguration;
			buildSettings = {
				ASSETCATALOG_COMPILER_APPICON_NAME = AppIcon;
				ASSETCATALOG_COMPILER_GLOBAL_ACCENT_COLOR_NAME = AccentColor;
				CODE_SIGN_STYLE = Automatic;
				DEVELOPMENT_ASSET_PATHS = "\"FavoriteBook/Preview Content\"";
				DEVELOPMENT_TEAM = KCSKA4UM96;
				ENABLE_PREVIEWS = YES;
				INFOPLIST_FILE = FavoriteBook/Info.plist;
				LD_RUNPATH_SEARCH_PATHS = (
					"$(inherited)",
					"@executable_path/Frameworks",
				);
				PRODUCT_BUNDLE_IDENTIFIER = com.thedruid.FavoriteBook;
				PRODUCT_NAME = "$(TARGET_NAME)";
				SWIFT_VERSION = 5.0;
				TARGETED_DEVICE_FAMILY = "1,2";
			};
			name = Debug;
		};
		63EA98C8266042D700AED390 /* Release */ = {
			isa = XCBuildConfiguration;
			buildSettings = {
				ASSETCATALOG_COMPILER_APPICON_NAME = AppIcon;
				ASSETCATALOG_COMPILER_GLOBAL_ACCENT_COLOR_NAME = AccentColor;
				CODE_SIGN_STYLE = Automatic;
				DEVELOPMENT_ASSET_PATHS = "\"FavoriteBook/Preview Content\"";
				DEVELOPMENT_TEAM = KCSKA4UM96;
				ENABLE_PREVIEWS = YES;
				INFOPLIST_FILE = FavoriteBook/Info.plist;
				LD_RUNPATH_SEARCH_PATHS = (
					"$(inherited)",
					"@executable_path/Frameworks",
				);
				PRODUCT_BUNDLE_IDENTIFIER = com.thedruid.FavoriteBook;
				PRODUCT_NAME = "$(TARGET_NAME)";
				SWIFT_VERSION = 5.0;
				TARGETED_DEVICE_FAMILY = "1,2";
			};
			name = Release;
		};
/* End XCBuildConfiguration section */

/* Begin XCConfigurationList section */
		63EA98AD266042D500AED390 /* Build configuration list for PBXProject "FavoriteBook" */ = {
			isa = XCConfigurationList;
			buildConfigurations = (
				63EA98C4266042D700AED390 /* Debug */,
				63EA98C5266042D700AED390 /* Release */,
			);
			defaultConfigurationIsVisible = 0;
			defaultConfigurationName = Release;
		};
		63EA98C6266042D700AED390 /* Build configuration list for PBXNativeTarget "FavoriteBook" */ = {
			isa = XCConfigurationList;
			buildConfigurations = (
				63EA98C7266042D700AED390 /* Debug */,
				63EA98C8266042D700AED390 /* Release */,
			);
			defaultConfigurationIsVisible = 0;
			defaultConfigurationName = Release;
		};
/* End XCConfigurationList section */
	};
	rootObject = 63EA98AA266042D500AED390 /* Project object */;
}
